
Microsoft Visual Studio Solution File, Format Version 12.00
# Visual Studio Version 16
VisualStudioVersion = 16.0.29215.179
MinimumVisualStudioVersion = 10.0.40219.1
Project("{FAE04EC0-301F-11D3-BF4B-00C04F79EFBC}") = "Lab01", "Lab01\Lab01.csproj", "{F179F947-4435-4032-8FB3-1F8CA7FFA983}"
EndProject
Global
	GlobalSection(SolutionConfigurationPlatforms) = preSolution
		Debug|Any CPU = Debug|Any CPU
		Release|Any CPU = Release|Any CPU
	EndGlobalSection
	GlobalSection(ProjectConfigurationPlatforms) = postSolution
		{F179F947-4435-4032-8FB3-1F8CA7FFA983}.Debug|Any CPU.ActiveCfg = Debug|Any CPU
		{F179F947-4435-4032-8FB3-1F8CA7FFA983}.Debug|Any CPU.Build.0 = Debug|Any CPU
		{F179F947-4435-4032-8FB3-1F8CA7FFA983}.Release|Any CPU.ActiveCfg = Release|Any CPU
		{F179F947-4435-4032-8FB3-1F8CA7FFA983}.Release|Any CPU.Build.0 = Release|Any CPU
	EndGlobalSection
	GlobalSection(SolutionProperties) = preSolution
		HideSolutionNode = FALSE
	EndGlobalSection
	GlobalSection(ExtensibilityGlobals) = postSolution
		SolutionGuid = {5A1D7C16-47A4-42E0-949D-A4B61139287D}
	EndGlobalSection
EndGlobal
